{
  "name": "@cortex-ui/core",
  "version": "0.0.25",
  "lockfileVersion": 2,
  "requires": true,
  "packages": {
    "": {
      "name": "@cortex-ui/core",
      "version": "0.0.25",
      "license": "MIT",
      "dependencies": {
        "lit": "^2.2.7"
      },
      "devDependencies": {
        "@types/react": "^18.0.14",
        "@types/react-dom": "^18.0.6"
      }
    },
    "node_modules/@lit/reactive-element": {
      "version": "1.3.3",
      "resolved": "https://registry.npmjs.org/@lit/reactive-element/-/reactive-element-1.3.3.tgz",
      "integrity": "sha512-ukelZ49tzUqgOAEbVujl/U62JNK3wdn5kKtXVqrjKND4QvHACZOMOYaZI6/5Jd8vsg+Fq9HDwiib70FBLydOiQ=="
    },
    "node_modules/@types/prop-types": {
      "version": "15.7.5",
      "resolved": "https://registry.npmjs.org/@types/prop-types/-/prop-types-15.7.5.tgz",
      "integrity": "sha512-JCB8C6SnDoQf0cNycqd/35A7MjcnK+ZTqE7judS6o7utxUCg6imJg3QK2qzHKszlTjcj2cn+NwMB2i96ubpj7w==",
      "dev": true
    },
    "node_modules/@types/react": {
      "version": "18.0.14",
      "resolved": "https://registry.npmjs.org/@types/react/-/react-18.0.14.tgz",
      "integrity": "sha512-x4gGuASSiWmo0xjDLpm5mPb52syZHJx02VKbqUKdLmKtAwIh63XClGsiTI1K6DO5q7ox4xAsQrU+Gl3+gGXF9Q==",
      "dev": true,
      "dependencies": {
        "@types/prop-types": "*",
        "@types/scheduler": "*",
        "csstype": "^3.0.2"
      }
    },
    "node_modules/@types/react-dom": {
      "version": "18.0.6",
      "resolved": "https://registry.npmjs.org/@types/react-dom/-/react-dom-18.0.6.tgz",
      "integrity": "sha512-/5OFZgfIPSwy+YuIBP/FgJnQnsxhZhjjrnxudMddeblOouIodEQ75X14Rr4wGSG/bknL+Omy9iWlLo1u/9GzAA==",
      "dev": true,
      "dependencies": {
        "@types/react": "*"
      }
    },
    "node_modules/@types/scheduler": {
      "version": "0.16.2",
      "resolved": "https://registry.npmjs.org/@types/scheduler/-/scheduler-0.16.2.tgz",
      "integrity": "sha512-hppQEBDmlwhFAXKJX2KnWLYu5yMfi91yazPb2l+lbJiwW+wdo1gNeRA+3RgNSO39WYX2euey41KEwnqesU2Jew==",
      "dev": true
    },
    "node_modules/@types/trusted-types": {
      "version": "2.0.2",
      "resolved": "https://registry.npmjs.org/@types/trusted-types/-/trusted-types-2.0.2.tgz",
      "integrity": "sha512-F5DIZ36YVLE+PN+Zwws4kJogq47hNgX3Nx6WyDJ3kcplxyke3XIzB8uK5n/Lpm1HBsbGzd6nmGehL8cPekP+Tg=="
    },
    "node_modules/csstype": {
      "version": "3.1.0",
      "resolved": "https://registry.npmjs.org/csstype/-/csstype-3.1.0.tgz",
      "integrity": "sha512-uX1KG+x9h5hIJsaKR9xHUeUraxf8IODOwq9JLNPq6BwB04a/xgpq3rcx47l5BZu5zBPlgD342tdke3Hom/nJRA==",
      "dev": true
    },
    "node_modules/lit": {
      "version": "2.2.7",
      "resolved": "https://registry.npmjs.org/lit/-/lit-2.2.7.tgz",
      "integrity": "sha512-WXYujlKFwme5ZqXOZoWuRVZQAwy7scbcVT3wCbAOHefOxyscqjywWGlF2e6nnC9E64yP9l2ZQlN8wZcRlrjUMQ==",
      "dependencies": {
        "@lit/reactive-element": "^1.3.0",
        "lit-element": "^3.2.0",
        "lit-html": "^2.2.0"
      }
    },
    "node_modules/lit-element": {
      "version": "3.2.1",
      "resolved": "https://registry.npmjs.org/lit-element/-/lit-element-3.2.1.tgz",
      "integrity": "sha512-2PxyE9Yq9Jyo/YBK2anycaHcqo93YvB5D+24JxloPVqryW/BOXekne+jGsm0Ke3E5E2v7CDgkmpEmCAzYfrHCQ==",
      "dependencies": {
        "@lit/reactive-element": "^1.3.0",
        "lit-html": "^2.2.0"
      }
    },
    "node_modules/lit-html": {
      "version": "2.2.6",
      "resolved": "https://registry.npmjs.org/lit-html/-/lit-html-2.2.6.tgz",
      "integrity": "sha512-xOKsPmq/RAKJ6dUeOxhmOYFjcjf0Q7aSdfBJgdJkOfCUnkmmJPxNrlZpRBeVe1Gg50oYWMlgm6ccAE/SpJgSdw==",
      "dependencies": {
        "@types/trusted-types": "^2.0.2"
      }
    }
  },
  "dependencies": {
    "@lit/reactive-element": {
      "version": "1.3.3",
      "resolved": "https://registry.npmjs.org/@lit/reactive-element/-/reactive-element-1.3.3.tgz",
      "integrity": "sha512-ukelZ49tzUqgOAEbVujl/U62JNK3wdn5kKtXVqrjKND4QvHACZOMOYaZI6/5Jd8vsg+Fq9HDwiib70FBLydOiQ=="
    },
    "@types/prop-types": {
      "version": "15.7.5",
      "resolved": "https://registry.npmjs.org/@types/prop-types/-/prop-types-15.7.5.tgz",
      "integrity": "sha512-JCB8C6SnDoQf0cNycqd/35A7MjcnK+ZTqE7judS6o7utxUCg6imJg3QK2qzHKszlTjcj2cn+NwMB2i96ubpj7w==",
      "dev": true
    },
    "@types/react": {
      "version": "18.0.14",
      "resolved": "https://registry.npmjs.org/@types/react/-/react-18.0.14.tgz",
      "integrity": "sha512-x4gGuASSiWmo0xjDLpm5mPb52syZHJx02VKbqUKdLmKtAwIh63XClGsiTI1K6DO5q7ox4xAsQrU+Gl3+gGXF9Q==",
      "dev": true,
      "requires": {
        "@types/prop-types": "*",
        "@types/scheduler": "*",
        "csstype": "^3.0.2"
      }
    },
    "@types/react-dom": {
      "version": "18.0.6",
      "resolved": "https://registry.npmjs.org/@types/react-dom/-/react-dom-18.0.6.tgz",
      "integrity": "sha512-/5OFZgfIPSwy+YuIBP/FgJnQnsxhZhjjrnxudMddeblOouIodEQ75X14Rr4wGSG/bknL+Omy9iWlLo1u/9GzAA==",
      "dev": true,
      "requires": {
        "@types/react": "*"
      }
    },
    "@types/scheduler": {
      "version": "0.16.2",
      "resolved": "https://registry.npmjs.org/@types/scheduler/-/scheduler-0.16.2.tgz",
      "integrity": "sha512-hppQEBDmlwhFAXKJX2KnWLYu5yMfi91yazPb2l+lbJiwW+wdo1gNeRA+3RgNSO39WYX2euey41KEwnqesU2Jew==",
      "dev": true
    },
    "@types/trusted-types": {
      "version": "2.0.2",
      "resolved": "https://registry.npmjs.org/@types/trusted-types/-/trusted-types-2.0.2.tgz",
      "integrity": "sha512-F5DIZ36YVLE+PN+Zwws4kJogq47hNgX3Nx6WyDJ3kcplxyke3XIzB8uK5n/Lpm1HBsbGzd6nmGehL8cPekP+Tg=="
    },
    "csstype": {
      "version": "3.1.0",
      "resolved": "https://registry.npmjs.org/csstype/-/csstype-3.1.0.tgz",
      "integrity": "sha512-uX1KG+x9h5hIJsaKR9xHUeUraxf8IODOwq9JLNPq6BwB04a/xgpq3rcx47l5BZu5zBPlgD342tdke3Hom/nJRA==",
      "dev": true
    },
    "lit": {
      "version": "2.2.7",
      "resolved": "https://registry.npmjs.org/lit/-/lit-2.2.7.tgz",
      "integrity": "sha512-WXYujlKFwme5ZqXOZoWuRVZQAwy7scbcVT3wCbAOHefOxyscqjywWGlF2e6nnC9E64yP9l2ZQlN8wZcRlrjUMQ==",
      "requires": {
        "@lit/reactive-element": "^1.3.0",
        "lit-element": "^3.2.0",
        "lit-html": "^2.2.0"
      }
    },
    "lit-element": {
      "version": "3.2.1",
      "resolved": "https://registry.npmjs.org/lit-element/-/lit-element-3.2.1.tgz",
      "integrity": "sha512-2PxyE9Yq9Jyo/YBK2anycaHcqo93YvB5D+24JxloPVqryW/BOXekne+jGsm0Ke3E5E2v7CDgkmpEmCAzYfrHCQ==",
      "requires": {
        "@lit/reactive-element": "^1.3.0",
        "lit-html": "^2.2.0"
      }
    },
    "lit-html": {
      "version": "2.2.6",
      "resolved": "https://registry.npmjs.org/lit-html/-/lit-html-2.2.6.tgz",
      "integrity": "sha512-xOKsPmq/RAKJ6dUeOxhmOYFjcjf0Q7aSdfBJgdJkOfCUnkmmJPxNrlZpRBeVe1Gg50oYWMlgm6ccAE/SpJgSdw==",
      "requires": {
        "@types/trusted-types": "^2.0.2"
      }
    }
  }
}
